
Microsoft Visual Studio Solution File, Format Version 12.00
# Visual Studio Version 16
VisualStudioVersion = 16.0.30011.22
MinimumVisualStudioVersion = 10.0.40219.1
Project("{FAE04EC0-301F-11D3-BF4B-00C04F79EFBC}") = "Test", "Test\Test.csproj", "{D9E81F7D-550F-4924-B283-230B14FCDC87}"
EndProject
Global
	GlobalSection(SolutionConfigurationPlatforms) = preSolution
		Debug|Any CPU = Debug|Any CPU
		Release|Any CPU = Release|Any CPU
	EndGlobalSection
	GlobalSection(ProjectConfigurationPlatforms) = postSolution
		{D9E81F7D-550F-4924-B283-230B14FCDC87}.Debug|Any CPU.ActiveCfg = Debug|Any CPU
		{D9E81F7D-550F-4924-B283-230B14FCDC87}.Debug|Any CPU.Build.0 = Debug|Any CPU
		{D9E81F7D-550F-4924-B283-230B14FCDC87}.Release|Any CPU.ActiveCfg = Release|Any CPU
		{D9E81F7D-550F-4924-B283-230B14FCDC87}.Release|Any CPU.Build.0 = Release|Any CPU
	EndGlobalSection
	GlobalSection(SolutionProperties) = preSolution
		HideSolutionNode = FALSE
	EndGlobalSection
	GlobalSection(ExtensibilityGlobals) = postSolution
		SolutionGuid = {28263495-4EC1-4E7F-8EA2-1D4A12B4E413}
	EndGlobalSection
EndGlobal
